
Microsoft Visual Studio Solution File, Format Version 12.00
# Visual Studio Version 16
VisualStudioVersion = 16.0.31005.135
MinimumVisualStudioVersion = 10.0.40219.1
Project("{FAE04EC0-301F-11D3-BF4B-00C04F79EFBC}") = "GMS - Gym Management System", "GMS - Gym Management System\GMS - Gym Management System.csproj", "{6BAE9106-6E63-4666-BED8-33EF8FC592FB}"
EndProject
Global
	GlobalSection(SolutionConfigurationPlatforms) = preSolution
		Debug|Any CPU = Debug|Any CPU
		Release|Any CPU = Release|Any CPU
	EndGlobalSection
	GlobalSection(ProjectConfigurationPlatforms) = postSolution
		{6BAE9106-6E63-4666-BED8-33EF8FC592FB}.Debug|Any CPU.ActiveCfg = Debug|Any CPU
		{6BAE9106-6E63-4666-BED8-33EF8FC592FB}.Debug|Any CPU.Build.0 = Debug|Any CPU
		{6BAE9106-6E63-4666-BED8-33EF8FC592FB}.Release|Any CPU.ActiveCfg = Release|Any CPU
		{6BAE9106-6E63-4666-BED8-33EF8FC592FB}.Release|Any CPU.Build.0 = Release|Any CPU
	EndGlobalSection
	GlobalSection(SolutionProperties) = preSolution
		HideSolutionNode = FALSE
	EndGlobalSection
	GlobalSection(ExtensibilityGlobals) = postSolution
		SolutionGuid = {E4AEF27F-31C6-4BBD-BF65-704BA022703F}
	EndGlobalSection
EndGlobal
